
Microsoft Visual Studio Solution File, Format Version 12.00
# Visual Studio Version 17
VisualStudioVersion = 17.3.32901.215
MinimumVisualStudioVersion = 10.0.40219.1
Project("{9A19103F-16F7-4668-BE54-9A1E7A4F7556}") = "Interpreter", "Interpreter\Interpreter.csproj", "{9FF2598E-61F3-4C9D-8D78-1E8455F6209E}"
EndProject
Project("{FAE04EC0-301F-11D3-BF4B-00C04F79EFBC}") = "InterpreterTests", "InterpreterTests\InterpreterTests.csproj", "{1A6BDD9A-B063-462B-B479-6E332B8B1C1D}"
EndProject
Global
	GlobalSection(SolutionConfigurationPlatforms) = preSolution
		Debug|Any CPU = Debug|Any CPU
		Release|Any CPU = Release|Any CPU
	EndGlobalSection
	GlobalSection(ProjectConfigurationPlatforms) = postSolution
		{9FF2598E-61F3-4C9D-8D78-1E8455F6209E}.Debug|Any CPU.ActiveCfg = Debug|Any CPU
		{9FF2598E-61F3-4C9D-8D78-1E8455F6209E}.Debug|Any CPU.Build.0 = Debug|Any CPU
		{9FF2598E-61F3-4C9D-8D78-1E8455F6209E}.Release|Any CPU.ActiveCfg = Release|Any CPU
		{9FF2598E-61F3-4C9D-8D78-1E8455F6209E}.Release|Any CPU.Build.0 = Release|Any CPU
		{1A6BDD9A-B063-462B-B479-6E332B8B1C1D}.Debug|Any CPU.ActiveCfg = Debug|Any CPU
		{1A6BDD9A-B063-462B-B479-6E332B8B1C1D}.Debug|Any CPU.Build.0 = Debug|Any CPU
		{1A6BDD9A-B063-462B-B479-6E332B8B1C1D}.Release|Any CPU.ActiveCfg = Release|Any CPU
		{1A6BDD9A-B063-462B-B479-6E332B8B1C1D}.Release|Any CPU.Build.0 = Release|Any CPU
	EndGlobalSection
	GlobalSection(SolutionProperties) = preSolution
		HideSolutionNode = FALSE
	EndGlobalSection
	GlobalSection(ExtensibilityGlobals) = postSolution
		SolutionGuid = {F2388EBE-B10C-4C6D-90E4-07CA8D7331F9}
	EndGlobalSection
EndGlobal
